Microsoft Visual Studio Solution File, Format Version 12.00
# Visual Studio 2012
Project("{FAE04EC0-301F-11D3-BF4B-00C04F79EFBC}") = "Squash the Creeps (3D)", "Squash the Creeps (3D).csproj", "{7D0F1921-6B13-4F86-9AFD-D468A661BC0B}"
EndProject
Global
	GlobalSection(SolutionConfigurationPlatforms) = preSolution
	Debug|Any CPU = Debug|Any CPU
	ExportDebug|Any CPU = ExportDebug|Any CPU
	ExportRelease|Any CPU = ExportRelease|Any CPU
	EndGlobalSection
	GlobalSection(ProjectConfigurationPlatforms) = postSolution
		{7D0F1921-6B13-4F86-9AFD-D468A661BC0B}.Debug|Any CPU.ActiveCfg = Debug|Any CPU
		{7D0F1921-6B13-4F86-9AFD-D468A661BC0B}.Debug|Any CPU.Build.0 = Debug|Any CPU
		{7D0F1921-6B13-4F86-9AFD-D468A661BC0B}.ExportDebug|Any CPU.ActiveCfg = ExportDebug|Any CPU
		{7D0F1921-6B13-4F86-9AFD-D468A661BC0B}.ExportDebug|Any CPU.Build.0 = ExportDebug|Any CPU
		{7D0F1921-6B13-4F86-9AFD-D468A661BC0B}.ExportRelease|Any CPU.ActiveCfg = ExportRelease|Any CPU
		{7D0F1921-6B13-4F86-9AFD-D468A661BC0B}.ExportRelease|Any CPU.Build.0 = ExportRelease|Any CPU
	EndGlobalSection
EndGlobal
